lockfileVersion: '9.0'

settings:
  autoInstallPeers: true
  excludeLinksFromLockfile: false

importers:

  .:
    dependencies:
      stripe:
        specifier: ^22.1.0
        version: 22.2.2

packages:

  stripe@22.2.2:
    resolution: {integrity: sha512-lRXLiarjW/I2QVa6QuFfz1Ma7Dc2yBQ7vlYH6NEmp5htMJNQGfiWExmOv0McfqY5wMCGV8DLuCvsyVRIPJlUUQ==}
    engines: {node: '>=18'}
    peerDependencies:
      '@types/node': '>=18'
    peerDependenciesMeta:
      '@types/node':
        optional: true

snapshots:

  stripe@22.2.2: {}
